
Microsoft Visual Studio Solution File, Format Version 12.00
# Visual Studio Version 17
VisualStudioVersion = 17.14.36623.8 d17.14
MinimumVisualStudioVersion = 10.0.40219.1
Project("{FAE04EC0-301F-11D3-BF4B-00C04F79EFBC}") = "lesson13", "lesson13.csproj", "{D506FF36-FBC7-4145-BE87-77A235B086BA}"
EndProject
Global
	GlobalSection(SolutionConfigurationPlatforms) = preSolution
		Debug|Any CPU = Debug|Any CPU
		Release|Any CPU = Release|Any CPU
	EndGlobalSection
	GlobalSection(ProjectConfigurationPlatforms) = postSolution
		{D506FF36-FBC7-4145-BE87-77A235B086BA}.Debug|Any CPU.ActiveCfg = Debug|Any CPU
		{D506FF36-FBC7-4145-BE87-77A235B086BA}.Debug|Any CPU.Build.0 = Debug|Any CPU
		{D506FF36-FBC7-4145-BE87-77A235B086BA}.Release|Any CPU.ActiveCfg = Release|Any CPU
		{D506FF36-FBC7-4145-BE87-77A235B086BA}.Release|Any CPU.Build.0 = Release|Any CPU
	EndGlobalSection
	GlobalSection(SolutionProperties) = preSolution
		HideSolutionNode = FALSE
	EndGlobalSection
	GlobalSection(ExtensibilityGlobals) = postSolution
		SolutionGuid = {3E47241E-53E2-4ACC-A1E7-724B805FFF90}
	EndGlobalSection
EndGlobal
